
Microsoft Visual Studio Solution File, Format Version 12.00
# Visual Studio Version 16
VisualStudioVersion = 16.0.30011.22
MinimumVisualStudioVersion = 10.0.40219.1
Project("{9A19103F-16F7-4668-BE54-9A1E7A4F7556}") = "NuSearch.Web", "NuSearch.Web\NuSearch.Web.csproj", "{A73B324C-DF76-415D-8A6D-1937DD8D81EF}"
EndProject
Project("{9A19103F-16F7-4668-BE54-9A1E7A4F7556}") = "NuSearch.Domain", "NuSearch.Domain\NuSearch.Domain.csproj", "{58FB675E-6B6F-4C05-832C-A347FD5A37B8}"
EndProject
Project("{9A19103F-16F7-4668-BE54-9A1E7A4F7556}") = "NuSearch.Indexer", "NuSearch.Indexer\NuSearch.Indexer.csproj", "{82943C55-559F-4EF8-B953-61301DB2D03A}"
EndProject
Project("{2150E333-8FDC-42A3-9474-1A3956D46DE8}") = "Solution Items", "Solution Items", "{98D0CB9B-E477-4682-B2E6-45A652CCE1B2}"
	ProjectSection(SolutionItems) = preProject
		README.md = README.md
	EndProjectSection
EndProject
Project("{2150E333-8FDC-42A3-9474-1A3956D46DE8}") = "Docker", "Docker", "{216AF756-6351-453C-A6FA-E7BE1196E73C}"
	ProjectSection(SolutionItems) = preProject
		Docker\.env = Docker\.env
		Docker\create-certs.yml = Docker\create-certs.yml
		Docker\docker-compose.yml = Docker\docker-compose.yml
		Docker\instances.yml = Docker\instances.yml
	EndProjectSection
EndProject
Project("{2150E333-8FDC-42A3-9474-1A3956D46DE8}") = "Images", "Images", "{9C21369F-CA3E-45DF-939C-45CA1278F4FF}"
	ProjectSection(SolutionItems) = preProject
		Images\cluster-health.png = Images\cluster-health.png
		Images\import-success.png = Images\import-success.png
		Images\kibana-loading.png = Images\kibana-loading.png
		Images\results-with-query-score.png = Images\results-with-query-score.png
		Images\search-page.png = Images\search-page.png
		Images\set-ram-to-4gb.png = Images\set-ram-to-4gb.png
		Images\total-count.png = Images\total-count.png
	EndProjectSection
EndProject
Global
	GlobalSection(SolutionConfigurationPlatforms) = preSolution
		Debug|Any CPU = Debug|Any CPU
		Release|Any CPU = Release|Any CPU
	EndGlobalSection
	GlobalSection(ProjectConfigurationPlatforms) = postSolution
		{A73B324C-DF76-415D-8A6D-1937DD8D81EF}.Debug|Any CPU.ActiveCfg = Debug|Any CPU
		{A73B324C-DF76-415D-8A6D-1937DD8D81EF}.Debug|Any CPU.Build.0 = Debug|Any CPU
		{A73B324C-DF76-415D-8A6D-1937DD8D81EF}.Release|Any CPU.ActiveCfg = Release|Any CPU
		{A73B324C-DF76-415D-8A6D-1937DD8D81EF}.Release|Any CPU.Build.0 = Release|Any CPU
		{58FB675E-6B6F-4C05-832C-A347FD5A37B8}.Debug|Any CPU.ActiveCfg = Debug|Any CPU
		{58FB675E-6B6F-4C05-832C-A347FD5A37B8}.Debug|Any CPU.Build.0 = Debug|Any CPU
		{58FB675E-6B6F-4C05-832C-A347FD5A37B8}.Release|Any CPU.ActiveCfg = Release|Any CPU
		{58FB675E-6B6F-4C05-832C-A347FD5A37B8}.Release|Any CPU.Build.0 = Release|Any CPU
		{82943C55-559F-4EF8-B953-61301DB2D03A}.Debug|Any CPU.ActiveCfg = Debug|Any CPU
		{82943C55-559F-4EF8-B953-61301DB2D03A}.Debug|Any CPU.Build.0 = Debug|Any CPU
		{82943C55-559F-4EF8-B953-61301DB2D03A}.Release|Any CPU.ActiveCfg = Release|Any CPU
		{82943C55-559F-4EF8-B953-61301DB2D03A}.Release|Any CPU.Build.0 = Release|Any CPU
	EndGlobalSection
	GlobalSection(SolutionProperties) = preSolution
		HideSolutionNode = FALSE
	EndGlobalSection
	GlobalSection(NestedProjects) = preSolution
		{216AF756-6351-453C-A6FA-E7BE1196E73C} = {98D0CB9B-E477-4682-B2E6-45A652CCE1B2}
		{9C21369F-CA3E-45DF-939C-45CA1278F4FF} = {98D0CB9B-E477-4682-B2E6-45A652CCE1B2}
	EndGlobalSection
	GlobalSection(ExtensibilityGlobals) = postSolution
		SolutionGuid = {A8DEBF20-6A02-42D8-9AA5-045FE0A2440A}
	EndGlobalSection
EndGlobal
